
Microsoft Visual Studio Solution File, Format Version 12.00
# Visual Studio 15
VisualStudioVersion = 15.0.28010.2019
MinimumVisualStudioVersion = 10.0.40219.1
Project("{FAE04EC0-301F-11D3-BF4B-00C04F79EFBC}") = "SymCrypto3", "SymCrypto3\SymCrypto3.csproj", "{9FAE06BE-470B-4948-8C07-4F273B7285DC}"
EndProject
Global
	GlobalSection(SolutionConfigurationPlatforms) = preSolution
		Debug|Any CPU = Debug|Any CPU
		Release|Any CPU = Release|Any CPU
	EndGlobalSection
	GlobalSection(ProjectConfigurationPlatforms) = postSolution
		{9FAE06BE-470B-4948-8C07-4F273B7285DC}.Debug|Any CPU.ActiveCfg = Debug|Any CPU
		{9FAE06BE-470B-4948-8C07-4F273B7285DC}.Debug|Any CPU.Build.0 = Debug|Any CPU
		{9FAE06BE-470B-4948-8C07-4F273B7285DC}.Release|Any CPU.ActiveCfg = Release|Any CPU
		{9FAE06BE-470B-4948-8C07-4F273B7285DC}.Release|Any CPU.Build.0 = Release|Any CPU
	EndGlobalSection
	GlobalSection(SolutionProperties) = preSolution
		HideSolutionNode = FALSE
	EndGlobalSection
	GlobalSection(ExtensibilityGlobals) = postSolution
		SolutionGuid = {F93AB9FD-A213-479C-BBBF-6420E6C69083}
	EndGlobalSection
EndGlobal
